
Microsoft Visual Studio Solution File, Format Version 12.00
# Visual Studio Version 17
VisualStudioVersion = 17.14.36717.8 d17.14
MinimumVisualStudioVersion = 10.0.40219.1
Project("{FAE04EC0-301F-11D3-BF4B-00C04F79EFBC}") = "CRM", "CRM.csproj", "{64037FCC-9169-4993-8E7A-4486D83A5C40}"
EndProject
Global
	GlobalSection(SolutionConfigurationPlatforms) = preSolution
		Debug|Any CPU = Debug|Any CPU
		Release|Any CPU = Release|Any CPU
	EndGlobalSection
	GlobalSection(ProjectConfigurationPlatforms) = postSolution
		{64037FCC-9169-4993-8E7A-4486D83A5C40}.Debug|Any CPU.ActiveCfg = Debug|Any CPU
		{64037FCC-9169-4993-8E7A-4486D83A5C40}.Debug|Any CPU.Build.0 = Debug|Any CPU
		{64037FCC-9169-4993-8E7A-4486D83A5C40}.Release|Any CPU.ActiveCfg = Release|Any CPU
		{64037FCC-9169-4993-8E7A-4486D83A5C40}.Release|Any CPU.Build.0 = Release|Any CPU
	EndGlobalSection
	GlobalSection(SolutionProperties) = preSolution
		HideSolutionNode = FALSE
	EndGlobalSection
	GlobalSection(ExtensibilityGlobals) = postSolution
		SolutionGuid = {6A6E5D13-BFED-41F8-9DA5-307EA4275778}
	EndGlobalSection
EndGlobal
